
Microsoft Visual Studio Solution File, Format Version 12.00
# Visual Studio 15
VisualStudioVersion = 15.0.28010.2016
MinimumVisualStudioVersion = 10.0.40219.1
Project("{FAE04EC0-301F-11D3-BF4B-00C04F79EFBC}") = "StackDojoTest", "StackDojoTest\StackDojoTest.csproj", "{E2535BB7-D401-4545-A969-C34A7AB1130D}"
EndProject
Global
	GlobalSection(SolutionConfigurationPlatforms) = preSolution
		Debug|Any CPU = Debug|Any CPU
		Release|Any CPU = Release|Any CPU
	EndGlobalSection
	GlobalSection(ProjectConfigurationPlatforms) = postSolution
		{E2535BB7-D401-4545-A969-C34A7AB1130D}.Debug|Any CPU.ActiveCfg = Debug|Any CPU
		{E2535BB7-D401-4545-A969-C34A7AB1130D}.Debug|Any CPU.Build.0 = Debug|Any CPU
		{E2535BB7-D401-4545-A969-C34A7AB1130D}.Release|Any CPU.ActiveCfg = Release|Any CPU
		{E2535BB7-D401-4545-A969-C34A7AB1130D}.Release|Any CPU.Build.0 = Release|Any CPU
	EndGlobalSection
	GlobalSection(SolutionProperties) = preSolution
		HideSolutionNode = FALSE
	EndGlobalSection
	GlobalSection(ExtensibilityGlobals) = postSolution
		SolutionGuid = {C106B9F3-959E-4B96-BCE6-E236D6D33DCB}
	EndGlobalSection
EndGlobal
